
Microsoft Visual Studio Solution File, Format Version 12.00
# Visual Studio 15
VisualStudioVersion = 15.0.28307.539
MinimumVisualStudioVersion = 10.0.40219.1
Project("{FAE04EC0-301F-11D3-BF4B-00C04F79EFBC}") = "BOOM", "BOOM\BOOM.csproj", "{98751E77-B882-499F-A36D-703E3C9C0CE1}"
EndProject
Global
	GlobalSection(SolutionConfigurationPlatforms) = preSolution
		Debug|Any CPU = Debug|Any CPU
		Release|Any CPU = Release|Any CPU
	EndGlobalSection
	GlobalSection(ProjectConfigurationPlatforms) = postSolution
		{98751E77-B882-499F-A36D-703E3C9C0CE1}.Debug|Any CPU.ActiveCfg = Debug|Any CPU
		{98751E77-B882-499F-A36D-703E3C9C0CE1}.Debug|Any CPU.Build.0 = Debug|Any CPU
		{98751E77-B882-499F-A36D-703E3C9C0CE1}.Release|Any CPU.ActiveCfg = Release|Any CPU
		{98751E77-B882-499F-A36D-703E3C9C0CE1}.Release|Any CPU.Build.0 = Release|Any CPU
	EndGlobalSection
	GlobalSection(SolutionProperties) = preSolution
		HideSolutionNode = FALSE
	EndGlobalSection
	GlobalSection(ExtensibilityGlobals) = postSolution
		SolutionGuid = {0853C03B-5C25-4DBD-8D38-FD16007C9F3B}
	EndGlobalSection
EndGlobal
